
Microsoft Visual Studio Solution File, Format Version 12.00
# Visual Studio Version 17
VisualStudioVersion = 17.3.32825.248
MinimumVisualStudioVersion = 10.0.40219.1
Project("{FAE04EC0-301F-11D3-BF4B-00C04F79EFBC}") = "Noise Client", "Noise Client\Noise Client.csproj", "{70DF3DB0-1A4E-45C4-A570-D18C6585426C}"
EndProject
Project("{54435603-DBB4-11D2-8724-00A0C9A8B90C}") = "Noise Setup", "Noise Setup\Noise Setup.vdproj", "{05AA229D-870A-43C1-BACE-A8910136E440}"
EndProject
Global
	GlobalSection(SolutionConfigurationPlatforms) = preSolution
		Debug|Any CPU = Debug|Any CPU
		Release|Any CPU = Release|Any CPU
	EndGlobalSection
	GlobalSection(ProjectConfigurationPlatforms) = postSolution
		{70DF3DB0-1A4E-45C4-A570-D18C6585426C}.Debug|Any CPU.ActiveCfg = Debug|Any CPU
		{70DF3DB0-1A4E-45C4-A570-D18C6585426C}.Debug|Any CPU.Build.0 = Debug|Any CPU
		{70DF3DB0-1A4E-45C4-A570-D18C6585426C}.Release|Any CPU.ActiveCfg = Release|Any CPU
		{70DF3DB0-1A4E-45C4-A570-D18C6585426C}.Release|Any CPU.Build.0 = Release|Any CPU
		{05AA229D-870A-43C1-BACE-A8910136E440}.Debug|Any CPU.ActiveCfg = Debug
		{05AA229D-870A-43C1-BACE-A8910136E440}.Release|Any CPU.ActiveCfg = Release
	EndGlobalSection
	GlobalSection(SolutionProperties) = preSolution
		HideSolutionNode = FALSE
	EndGlobalSection
	GlobalSection(ExtensibilityGlobals) = postSolution
		SolutionGuid = {2EBBF80E-A680-4575-9345-2ACB2D608483}
	EndGlobalSection
EndGlobal
